
Microsoft Visual Studio Solution File, Format Version 12.00
# Visual Studio Version 16
VisualStudioVersion = 16.0.30717.126
MinimumVisualStudioVersion = 10.0.40219.1
Project("{FAE04EC0-301F-11D3-BF4B-00C04F79EFBC}") = "SelectionSort", "SelectionSort\SelectionSort.csproj", "{077CF923-96CB-4780-82B1-6D0AEF4B755E}"
EndProject
Global
	GlobalSection(SolutionConfigurationPlatforms) = preSolution
		Debug|Any CPU = Debug|Any CPU
		Release|Any CPU = Release|Any CPU
	EndGlobalSection
	GlobalSection(ProjectConfigurationPlatforms) = postSolution
		{077CF923-96CB-4780-82B1-6D0AEF4B755E}.Debug|Any CPU.ActiveCfg = Debug|Any CPU
		{077CF923-96CB-4780-82B1-6D0AEF4B755E}.Debug|Any CPU.Build.0 = Debug|Any CPU
		{077CF923-96CB-4780-82B1-6D0AEF4B755E}.Release|Any CPU.ActiveCfg = Release|Any CPU
		{077CF923-96CB-4780-82B1-6D0AEF4B755E}.Release|Any CPU.Build.0 = Release|Any CPU
	EndGlobalSection
	GlobalSection(SolutionProperties) = preSolution
		HideSolutionNode = FALSE
	EndGlobalSection
	GlobalSection(ExtensibilityGlobals) = postSolution
		SolutionGuid = {DB4BDE5E-D9F1-4EDE-B211-8DFBEEC2056B}
	EndGlobalSection
EndGlobal
