
Microsoft Visual Studio Solution File, Format Version 12.00
# Visual Studio Version 16
VisualStudioVersion = 16.0.31729.503
MinimumVisualStudioVersion = 10.0.40219.1
Project("{FAE04EC0-301F-11D3-BF4B-00C04F79EFBC}") = "CountTheVowels", "CountTheVowels\CountTheVowels.csproj", "{F51F1794-3E12-4C92-92E3-F0B644F9CE54}"
EndProject
Global
	GlobalSection(SolutionConfigurationPlatforms) = preSolution
		Debug|Any CPU = Debug|Any CPU
		Release|Any CPU = Release|Any CPU
	EndGlobalSection
	GlobalSection(ProjectConfigurationPlatforms) = postSolution
		{F51F1794-3E12-4C92-92E3-F0B644F9CE54}.Debug|Any CPU.ActiveCfg = Debug|Any CPU
		{F51F1794-3E12-4C92-92E3-F0B644F9CE54}.Debug|Any CPU.Build.0 = Debug|Any CPU
		{F51F1794-3E12-4C92-92E3-F0B644F9CE54}.Release|Any CPU.ActiveCfg = Release|Any CPU
		{F51F1794-3E12-4C92-92E3-F0B644F9CE54}.Release|Any CPU.Build.0 = Release|Any CPU
	EndGlobalSection
	GlobalSection(SolutionProperties) = preSolution
		HideSolutionNode = FALSE
	EndGlobalSection
	GlobalSection(ExtensibilityGlobals) = postSolution
		SolutionGuid = {E2E13C95-BFFD-4529-B1CC-8825F80B2F6D}
	EndGlobalSection
EndGlobal
