
Microsoft Visual Studio Solution File, Format Version 12.00
# Visual Studio Version 16
VisualStudioVersion = 16.0.31729.503
MinimumVisualStudioVersion = 10.0.40219.1
Project("{FAE04EC0-301F-11D3-BF4B-00C04F79EFBC}") = "RemoveDuplicate", "RemoveDuplicate\RemoveDuplicate.csproj", "{89014F09-3BD2-4EB3-8C4C-612E1E072613}"
EndProject
Global
	GlobalSection(SolutionConfigurationPlatforms) = preSolution
		Debug|Any CPU = Debug|Any CPU
		Release|Any CPU = Release|Any CPU
	EndGlobalSection
	GlobalSection(ProjectConfigurationPlatforms) = postSolution
		{89014F09-3BD2-4EB3-8C4C-612E1E072613}.Debug|Any CPU.ActiveCfg = Debug|Any CPU
		{89014F09-3BD2-4EB3-8C4C-612E1E072613}.Debug|Any CPU.Build.0 = Debug|Any CPU
		{89014F09-3BD2-4EB3-8C4C-612E1E072613}.Release|Any CPU.ActiveCfg = Release|Any CPU
		{89014F09-3BD2-4EB3-8C4C-612E1E072613}.Release|Any CPU.Build.0 = Release|Any CPU
	EndGlobalSection
	GlobalSection(SolutionProperties) = preSolution
		HideSolutionNode = FALSE
	EndGlobalSection
	GlobalSection(ExtensibilityGlobals) = postSolution
		SolutionGuid = {6870E837-42E1-4D97-8185-93C5E650EE3F}
	EndGlobalSection
EndGlobal
