
Microsoft Visual Studio Solution File, Format Version 12.00
# Visual Studio Version 16
VisualStudioVersion = 16.0.29519.181
MinimumVisualStudioVersion = 10.0.40219.1
Project("{FAE04EC0-301F-11D3-BF4B-00C04F79EFBC}") = "LinkedList", "LinkedList\LinkedList.csproj", "{3CB5BEC5-05E0-4921-831E-3C26EEF8D38E}"
EndProject
Global
	GlobalSection(SolutionConfigurationPlatforms) = preSolution
		Debug|Any CPU = Debug|Any CPU
		Release|Any CPU = Release|Any CPU
	EndGlobalSection
	GlobalSection(ProjectConfigurationPlatforms) = postSolution
		{3CB5BEC5-05E0-4921-831E-3C26EEF8D38E}.Debug|Any CPU.ActiveCfg = Debug|Any CPU
		{3CB5BEC5-05E0-4921-831E-3C26EEF8D38E}.Debug|Any CPU.Build.0 = Debug|Any CPU
		{3CB5BEC5-05E0-4921-831E-3C26EEF8D38E}.Release|Any CPU.ActiveCfg = Release|Any CPU
		{3CB5BEC5-05E0-4921-831E-3C26EEF8D38E}.Release|Any CPU.Build.0 = Release|Any CPU
	EndGlobalSection
	GlobalSection(SolutionProperties) = preSolution
		HideSolutionNode = FALSE
	EndGlobalSection
	GlobalSection(ExtensibilityGlobals) = postSolution
		SolutionGuid = {A6F61FA2-B1D0-4841-A5BA-8719F23A37C9}
	EndGlobalSection
EndGlobal
