
Microsoft Visual Studio Solution File, Format Version 12.00
# Visual Studio Version 16
VisualStudioVersion = 16.0.29230.47
MinimumVisualStudioVersion = 10.0.40219.1
Project("{FAE04EC0-301F-11D3-BF4B-00C04F79EFBC}") = "Array", "Array\Array.csproj", "{2CE799C2-A867-4A69-AEE6-D3EC426CF58E}"
EndProject
Global
	GlobalSection(SolutionConfigurationPlatforms) = preSolution
		Debug|Any CPU = Debug|Any CPU
		Release|Any CPU = Release|Any CPU
	EndGlobalSection
	GlobalSection(ProjectConfigurationPlatforms) = postSolution
		{2CE799C2-A867-4A69-AEE6-D3EC426CF58E}.Debug|Any CPU.ActiveCfg = Debug|Any CPU
		{2CE799C2-A867-4A69-AEE6-D3EC426CF58E}.Debug|Any CPU.Build.0 = Debug|Any CPU
		{2CE799C2-A867-4A69-AEE6-D3EC426CF58E}.Release|Any CPU.ActiveCfg = Release|Any CPU
		{2CE799C2-A867-4A69-AEE6-D3EC426CF58E}.Release|Any CPU.Build.0 = Release|Any CPU
	EndGlobalSection
	GlobalSection(SolutionProperties) = preSolution
		HideSolutionNode = FALSE
	EndGlobalSection
	GlobalSection(ExtensibilityGlobals) = postSolution
		SolutionGuid = {EB6FE7D6-871C-44BA-9275-BCC5FD09851F}
	EndGlobalSection
EndGlobal
